// !$*UTF8*$!
{
	archiveVersion = 1;
	classes = {
	};
	objectVersion = 56;
	objects = {

/* Begin PBXBuildFile section */
		A62D48332B90594500A21509 /* AppDelegate.swift in Sources */ = {isa = PBXBuildFile; fileRef = A62D48322B90594500A21509 /* AppDelegate.swift */; };
		A62D48352B90594500A21509 /* SceneDelegate.swift in Sources */ = {isa = PBXBuildFile; fileRef = A62D48342B90594500A21509 /* SceneDelegate.swift */; };
		A62D48372B90594500A21509 /* ViewController.swift in Sources */ = {isa = PBXBuildFile; fileRef = A62D48362B90594500A21509 /* ViewController.swift */; };
		A62D483A2B90594500A21509 /* Base in Resources */ = {isa = PBXBuildFile; fileRef = A62D48392B90594500A21509 /* Base */; };
		A62D483C2B90594600A21509 /* Assets.xcassets in Resources */ = {isa = PBXBuildFile; fileRef = A62D483B2B90594600A21509 /* Assets.xcassets */; };
		A62D483F2B90594600A21509 /* Base in Resources */ = {isa = PBXBuildFile; fileRef = A62D483E2B90594600A21509 /* Base */; };
		A62D48482B90597700A21509 /* SqliteHelper.swift in Sources */ = {isa = PBXBuildFile; fileRef = A62D48472B90597700A21509 /* SqliteHelper.swift */; };
		A63BE40B2BA40DB000713509 /* HomescreenCell1.swift in Sources */ = {isa = PBXBuildFile; fileRef = A63BE40A2BA40DB000713509 /* HomescreenCell1.swift */; };
		A67203272BA1B95700F0DF30 /* userProfilePage.swift in Sources */ = {isa = PBXBuildFile; fileRef = A67203262BA1B95700F0DF30 /* userProfilePage.swift */; };
		A67A4B1E2B931E8A004305AF /* loginpage.swift in Sources */ = {isa = PBXBuildFile; fileRef = A67A4B1D2B931E8A004305AF /* loginpage.swift */; };
		A67A4B222B933C28004305AF /* logoFile.swift in Sources */ = {isa = PBXBuildFile; fileRef = A67A4B212B933C28004305AF /* logoFile.swift */; };
		A67A4B242B933D74004305AF /* choicePageFile.swift in Sources */ = {isa = PBXBuildFile; fileRef = A67A4B232B933D74004305AF /* choicePageFile.swift */; };
		A6B0E76E2BA3109800102AA7 /* TabView.swift in Sources */ = {isa = PBXBuildFile; fileRef = A6B0E76D2BA3109800102AA7 /* TabView.swift */; };
		A6B0E7702BA312DE00102AA7 /* HomePage.swift in Sources */ = {isa = PBXBuildFile; fileRef = A6B0E76F2BA312DE00102AA7 /* HomePage.swift */; };
/* End PBXBuildFile section */

/* Begin PBXFileReference section */
		A62D482F2B90594500A21509 /* LoginSystem.app */ = {isa = PBXFileReference; explicitFileType = wrapper.application; includeInIndex = 0; path = LoginSystem.app; sourceTree = BUILT_PRODUCTS_DIR; };
		A62D48322B90594500A21509 /* AppDelegate.swift */ = {isa = PBXFileReference; lastKnownFileType = sourcecode.swift; path = AppDelegate.swift; sourceTree = "<group>"; };
		A62D48342B90594500A21509 /* SceneDelegate.swift */ = {isa = PBXFileReference; lastKnownFileType = sourcecode.swift; path = SceneDelegate.swift; sourceTree = "<group>"; };
		A62D48362B90594500A21509 /* ViewController.swift */ = {isa = PBXFileReference; lastKnownFileType = sourcecode.swift; path = ViewController.swift; sourceTree = "<group>"; };
		A62D48392B90594500A21509 /* Base */ = {isa = PBXFileReference; lastKnownFileType = file.storyboard; name = Base; path = Base.lproj/Main.storyboard; sourceTree = "<group>"; };
		A62D483B2B90594600A21509 /* Assets.xcassets */ = {isa = PBXFileReference; lastKnownFileType = folder.assetcatalog; path = Assets.xcassets; sourceTree = "<group>"; };
		A62D483E2B90594600A21509 /* Base */ = {isa = PBXFileReference; lastKnownFileType = file.storyboard; name = Base; path = Base.lproj/LaunchScreen.storyboard; sourceTree = "<group>"; };
		A62D48402B90594600A21509 /* Info.plist */ = {isa = PBXFileReference; lastKnownFileType = text.plist.xml; path = Info.plist; sourceTree = "<group>"; };
		A62D48472B90597700A21509 /* SqliteHelper.swift */ = {isa = PBXFileReference; lastKnownFileType = sourcecode.swift; path = SqliteHelper.swift; sourceTree = "<group>"; };
		A63BE40A2BA40DB000713509 /* HomescreenCell1.swift */ = {isa = PBXFileReference; lastKnownFileType = sourcecode.swift; path = HomescreenCell1.swift; sourceTree = "<group>"; };
		A67203262BA1B95700F0DF30 /* userProfilePage.swift */ = {isa = PBXFileReference; lastKnownFileType = sourcecode.swift; path = userProfilePage.swift; sourceTree = "<group>"; };
		A67A4B1D2B931E8A004305AF /* loginpage.swift */ = {isa = PBXFileReference; lastKnownFileType = sourcecode.swift; path = loginpage.swift; sourceTree = "<group>"; };
		A67A4B212B933C28004305AF /* logoFile.swift */ = {isa = PBXFileReference; lastKnownFileType = sourcecode.swift; path = logoFile.swift; sourceTree = "<group>"; };
		A67A4B232B933D74004305AF /* choicePageFile.swift */ = {isa = PBXFileReference; lastKnownFileType = sourcecode.swift; path = choicePageFile.swift; sourceTree = "<group>"; };
		A6B0E76D2BA3109800102AA7 /* TabView.swift */ = {isa = PBXFileReference; lastKnownFileType = sourcecode.swift; path = TabView.swift; sourceTree = "<group>"; };
		A6B0E76F2BA312DE00102AA7 /* HomePage.swift */ = {isa = PBXFileReference; lastKnownFileType = sourcecode.swift; path = HomePage.swift; sourceTree = "<group>"; };
/* End PBXFileReference section */

/* Begin PBXFrameworksBuildPhase section */
		A62D482C2B90594500A21509 /* Frameworks */ = {
			isa = PBXFrameworksBuildPhase;
			buildActionMask = 2147483647;
			files = (
			);
			runOnlyForDeploymentPostprocessing = 0;
		};
/* End PBXFrameworksBuildPhase section */

/* Begin PBXGroup section */
		A62D48262B90594500A21509 = {
			isa = PBXGroup;
			children = (
				A62D48312B90594500A21509 /* LoginSystem */,
				A62D48302B90594500A21509 /* Products */,
			);
			sourceTree = "<group>";
		};
		A62D48302B90594500A21509 /* Products */ = {
			isa = PBXGroup;
			children = (
				A62D482F2B90594500A21509 /* LoginSystem.app */,
			);
			name = Products;
			sourceTree = "<group>";
		};
		A62D48312B90594500A21509 /* LoginSystem */ = {
			isa = PBXGroup;
			children = (
				A62D48322B90594500A21509 /* AppDelegate.swift */,
				A62D48342B90594500A21509 /* SceneDelegate.swift */,
				A62D48362B90594500A21509 /* ViewController.swift */,
				A67A4B1D2B931E8A004305AF /* loginpage.swift */,
				A62D48472B90597700A21509 /* SqliteHelper.swift */,
				A62D48382B90594500A21509 /* Main.storyboard */,
				A6B0E76F2BA312DE00102AA7 /* HomePage.swift */,
				A63BE40A2BA40DB000713509 /* HomescreenCell1.swift */,
				A6B0E76D2BA3109800102AA7 /* TabView.swift */,
				A67203262BA1B95700F0DF30 /* userProfilePage.swift */,
				A67A4B232B933D74004305AF /* choicePageFile.swift */,
				A67A4B212B933C28004305AF /* logoFile.swift */,
				A62D483B2B90594600A21509 /* Assets.xcassets */,
				A62D483D2B90594600A21509 /* LaunchScreen.storyboard */,
				A62D48402B90594600A21509 /* Info.plist */,
			);
			path = LoginSystem;
			sourceTree = "<group>";
		};
/* End PBXGroup section */

/* Begin PBXNativeTarget section */
		A62D482E2B90594500A21509 /* LoginSystem */ = {
			isa = PBXNativeTarget;
			buildConfigurationList = A62D48432B90594600A21509 /* Build configuration list for PBXNativeTarget "LoginSystem" */;
			buildPhases = (
				A62D482B2B90594500A21509 /* Sources */,
				A62D482C2B90594500A21509 /* Frameworks */,
				A62D482D2B90594500A21509 /* Resources */,
			);
			buildRules = (
			);
			dependencies = (
			);
			name = LoginSystem;
			productName = LoginSystem;
			productReference = A62D482F2B90594500A21509 /* LoginSystem.app */;
			productType = "com.apple.product-type.application";
		};
/* End PBXNativeTarget section */

/* Begin PBXProject section */
		A62D48272B90594500A21509 /* Project object */ = {
			isa = PBXProject;
			attributes = {
				BuildIndependentTargetsInParallel = 1;
				LastSwiftUpdateCheck = 1530;
				LastUpgradeCheck = 1530;
				TargetAttributes = {
					A62D482E2B90594500A21509 = {
						CreatedOnToolsVersion = 15.3;
					};
				};
			};
			buildConfigurationList = A62D482A2B90594500A21509 /* Build configuration list for PBXProject "LoginSystem" */;
			compatibilityVersion = "Xcode 14.0";
			developmentRegion = en;
			hasScannedForEncodings = 0;
			knownRegions = (
				en,
				Base,
			);
			mainGroup = A62D48262B90594500A21509;
			productRefGroup = A62D48302B90594500A21509 /* Products */;
			projectDirPath = "";
			projectRoot = "";
			targets = (
				A62D482E2B90594500A21509 /* LoginSystem */,
			);
		};
/* End PBXProject section */

/* Begin PBXResourcesBuildPhase section */
		A62D482D2B90594500A21509 /* Resources */ = {
			isa = PBXResourcesBuildPhase;
			buildActionMask = 2147483647;
			files = (
				A62D483C2B90594600A21509 /* Assets.xcassets in Resources */,
				A62D483F2B90594600A21509 /* Base in Resources */,
				A62D483A2B90594500A21509 /* Base in Resources */,
			);
			runOnlyForDeploymentPostprocessing = 0;
		};
/* End PBXResourcesBuildPhase section */

/* Begin PBXSourcesBuildPhase section */
		A62D482B2B90594500A21509 /* Sources */ = {
			isa = PBXSourcesBuildPhase;
			buildActionMask = 2147483647;
			files = (
				A62D48372B90594500A21509 /* ViewController.swift in Sources */,
				A62D48332B90594500A21509 /* AppDelegate.swift in Sources */,
				A62D48352B90594500A21509 /* SceneDelegate.swift in Sources */,
				A63BE40B2BA40DB000713509 /* HomescreenCell1.swift in Sources */,
				A62D48482B90597700A21509 /* SqliteHelper.swift in Sources */,
				A67A4B1E2B931E8A004305AF /* loginpage.swift in Sources */,
				A6B0E7702BA312DE00102AA7 /* HomePage.swift in Sources */,
				A67203272BA1B95700F0DF30 /* userProfilePage.swift in Sources */,
				A67A4B222B933C28004305AF /* logoFile.swift in Sources */,
				A6B0E76E2BA3109800102AA7 /* TabView.swift in Sources */,
				A67A4B242B933D74004305AF /* choicePageFile.swift in Sources */,
			);
			runOnlyForDeploymentPostprocessing = 0;
		};
/* End PBXSourcesBuildPhase section */

/* Begin PBXVariantGroup section */
		A62D48382B90594500A21509 /* Main.storyboard */ = {
			isa = PBXVariantGroup;
			children = (
				A62D48392B90594500A21509 /* Base */,
			);
			name = Main.storyboard;
			sourceTree = "<group>";
		};
		A62D483D2B90594600A21509 /* LaunchScreen.storyboard */ = {
			isa = PBXVariantGroup;
			children = (
				A62D483E2B90594600A21509 /* Base */,
			);
			name = LaunchScreen.storyboard;
			sourceTree = "<group>";
		};
/* End PBXVariantGroup section */

/* Begin XCBuildConfiguration section */
		A62D48412B90594600A21509 /* Debug */ = {
			isa = XCBuildConfiguration;
			buildSettings = {
				ALWAYS_SEARCH_USER_PATHS = NO;
				ASSETCATALOG_COMPILER_GENERATE_SWIFT_ASSET_SYMBOL_EXTENSIONS = YES;
				CLANG_ANALYZER_NONNULL = YES;
				CLANG_ANALYZER_NUMBER_OBJECT_CONVERSION = YES_AGGRESSIVE;
				CLANG_CXX_LANGUAGE_STANDARD = "gnu++20";
				CLANG_ENABLE_MODULES = YES;
				CLANG_ENABLE_OBJC_ARC = YES;
				CLANG_ENABLE_OBJC_WEAK = YES;
				CLANG_WARN_BLOCK_CAPTURE_AUTORELEASING = YES;
				CLANG_WARN_BOOL_CONVERSION = YES;
				CLANG_WARN_COMMA = YES;
				CLANG_WARN_CONSTANT_CONVERSION = YES;
				CLANG_WARN_DEPRECATED_OBJC_IMPLEMENTATIONS = YES;
				CLANG_WARN_DIRECT_OBJC_ISA_USAGE = YES_ERROR;
				CLANG_WARN_DOCUMENTATION_COMMENTS = YES;
				CLANG_WARN_EMPTY_BODY = YES;
				CLANG_WARN_ENUM_CONVERSION = YES;
				CLANG_WARN_INFINITE_RECURSION = YES;
				CLANG_WARN_INT_CONVERSION = YES;
				CLANG_WARN_NON_LITERAL_NULL_CONVERSION = YES;
				CLANG_WARN_OBJC_IMPLICIT_RETAIN_SELF = YES;
				CLANG_WARN_OBJC_LITERAL_CONVERSION = YES;
				CLANG_WARN_OBJC_ROOT_CLASS = YES_ERROR;
				CLANG_WARN_QUOTED_INCLUDE_IN_FRAMEWORK_HEADER = YES;
				CLANG_WARN_RANGE_LOOP_ANALYSIS = YES;
				CLANG_WARN_STRICT_PROTOTYPES = YES;
				CLANG_WARN_SUSPICIOUS_MOVE = YES;
				CLANG_WARN_UNGUARDED_AVAILABILITY = YES_AGGRESSIVE;
				CLANG_WARN_UNREACHABLE_CODE = YES;
				CLANG_WARN__DUPLICATE_METHOD_MATCH = YES;
				COPY_PHASE_STRIP = NO;
				DEBUG_INFORMATION_FORMAT = dwarf;
				ENABLE_STRICT_OBJC_MSGSEND = YES;
				ENABLE_TESTABILITY = YES;
				ENABLE_USER_SCRIPT_SANDBOXING = YES;
				GCC_C_LANGUAGE_STANDARD = gnu17;
				GCC_DYNAMIC_NO_PIC = NO;
				GCC_NO_COMMON_BLOCKS = YES;
				GCC_OPTIMIZATION_LEVEL = 0;
				GCC_PREPROCESSOR_DEFINITIONS = (
					"DEBUG=1",
					"$(inherited)",
				);
				GCC_WARN_64_TO_32_BIT_CONVERSION = YES;
				GCC_WARN_ABOUT_RETURN_TYPE = YES_ERROR;
				GCC_WARN_UNDECLARED_SELECTOR = YES;
				GCC_WARN_UNINITIALIZED_AUTOS = YES_AGGRESSIVE;
				GCC_WARN_UNUSED_FUNCTION = YES;
				GCC_WARN_UNUSED_VARIABLE = YES;
				IPHONEOS_DEPLOYMENT_TARGET = 17.4;
				LOCALIZATION_PREFERS_STRING_CATALOGS = YES;
				MTL_ENABLE_DEBUG_INFO = INCLUDE_SOURCE;
				MTL_FAST_MATH = YES;
				ONLY_ACTIVE_ARCH = YES;
				SDKROOT = iphoneos;
				SWIFT_ACTIVE_COMPILATION_CONDITIONS = "DEBUG $(inherited)";
				SWIFT_OPTIMIZATION_LEVEL = "-Onone";
			};
			name = Debug;
		};
		A62D48422B90594600A21509 /* Release */ = {
			isa = XCBuildConfiguration;
			buildSettings = {
				ALWAYS_SEARCH_USER_PATHS = NO;
				ASSETCATALOG_COMPILER_GENERATE_SWIFT_ASSET_SYMBOL_EXTENSIONS = YES;
				CLANG_ANALYZER_NONNULL = YES;
				CLANG_ANALYZER_NUMBER_OBJECT_CONVERSION = YES_AGGRESSIVE;
				CLANG_CXX_LANGUAGE_STANDARD = "gnu++20";
				CLANG_ENABLE_MODULES = YES;
				CLANG_ENABLE_OBJC_ARC = YES;
				CLANG_ENABLE_OBJC_WEAK = YES;
				CLANG_WARN_BLOCK_CAPTURE_AUTORELEASING = YES;
				CLANG_WARN_BOOL_CONVERSION = YES;
				CLANG_WARN_COMMA = YES;
				CLANG_WARN_CONSTANT_CONVERSION = YES;
				CLANG_WARN_DEPRECATED_OBJC_IMPLEMENTATIONS = YES;
				CLANG_WARN_DIRECT_OBJC_ISA_USAGE = YES_ERROR;
				CLANG_WARN_DOCUMENTATION_COMMENTS = YES;
				CLANG_WARN_EMPTY_BODY = YES;
				CLANG_WARN_ENUM_CONVERSION = YES;
				CLANG_WARN_INFINITE_RECURSION = YES;
				CLANG_WARN_INT_CONVERSION = YES;
				CLANG_WARN_NON_LITERAL_NULL_CONVERSION = YES;
				CLANG_WARN_OBJC_IMPLICIT_RETAIN_SELF = YES;
				CLANG_WARN_OBJC_LITERAL_CONVERSION = YES;
				CLANG_WARN_OBJC_ROOT_CLASS = YES_ERROR;
				CLANG_WARN_QUOTED_INCLUDE_IN_FRAMEWORK_HEADER = YES;
				CLANG_WARN_RANGE_LOOP_ANALYSIS = YES;
				CLANG_WARN_STRICT_PROTOTYPES = YES;
				CLANG_WARN_SUSPICIOUS_MOVE = YES;
				CLANG_WARN_UNGUARDED_AVAILABILITY = YES_AGGRESSIVE;
				CLANG_WARN_UNREACHABLE_CODE = YES;
				CLANG_WARN__DUPLICATE_METHOD_MATCH = YES;
				COPY_PHASE_STRIP = NO;
				DEBUG_INFORMATION_FORMAT = "dwarf-with-dsym";
				ENABLE_NS_ASSERTIONS = NO;
				ENABLE_STRICT_OBJC_MSGSEND = YES;
				ENABLE_USER_SCRIPT_SANDBOXING = YES;
				GCC_C_LANGUAGE_STANDARD = gnu17;
				GCC_NO_COMMON_BLOCKS = YES;
				GCC_WARN_64_TO_32_BIT_CONVERSION = YES;
				GCC_WARN_ABOUT_RETURN_TYPE = YES_ERROR;
				GCC_WARN_UNDECLARED_SELECTOR = YES;
				GCC_WARN_UNINITIALIZED_AUTOS = YES_AGGRESSIVE;
				GCC_WARN_UNUSED_FUNCTION = YES;
				GCC_WARN_UNUSED_VARIABLE = YES;
				IPHONEOS_DEPLOYMENT_TARGET = 17.4;
				LOCALIZATION_PREFERS_STRING_CATALOGS = YES;
				MTL_ENABLE_DEBUG_INFO = NO;
				MTL_FAST_MATH = YES;
				SDKROOT = iphoneos;
				SWIFT_COMPILATION_MODE = wholemodule;
				VALIDATE_PRODUCT = YES;
			};
			name = Release;
		};
		A62D48442B90594600A21509 /* Debug */ = {
			isa = XCBuildConfiguration;
			buildSettings = {
				ASSETCATALOG_COMPILER_APPICON_NAME = AppIcon;
				ASSETCATALOG_COMPILER_GLOBAL_ACCENT_COLOR_NAME = AccentColor;
				CODE_SIGN_STYLE = Automatic;
				CURRENT_PROJECT_VERSION = 1;
				GENERATE_INFOPLIST_FILE = YES;
				INFOPLIST_FILE = LoginSystem/Info.plist;
				INFOPLIST_KEY_UIApplicationSupportsIndirectInputEvents = YES;
				INFOPLIST_KEY_UILaunchStoryboardName = LaunchScreen;
				INFOPLIST_KEY_UIMainStoryboardFile = Main;
				INFOPLIST_KEY_UISupportedInterfaceOrientations_iPad = "UIInterfaceOrientationPortrait UIInterfaceOrientationPortraitUpsideDown UIInterfaceOrientationLandscapeLeft UIInterfaceOrientationLandscapeRight";
				INFOPLIST_KEY_UISupportedInterfaceOrientations_iPhone = "UIInterfaceOrientationPortrait UIInterfaceOrientationLandscapeLeft UIInterfaceOrientationLandscapeRight";
				LD_RUNPATH_SEARCH_PATHS = (
					"$(inherited)",
					"@executable_path/Frameworks",
				);
				MARKETING_VERSION = 1.0;
				PRODUCT_BUNDLE_IDENTIFIER = "com.-Twitter.LoginSystem";
				PRODUCT_NAME = "$(TARGET_NAME)";
				SWIFT_EMIT_LOC_STRINGS = YES;
				SWIFT_VERSION = 5.0;
				TARGETED_DEVICE_FAMILY = "1,2";
			};
			name = Debug;
		};
		A62D48452B90594600A21509 /* Release */ = {
			isa = XCBuildConfiguration;
			buildSettings = {
				ASSETCATALOG_COMPILER_APPICON_NAME = AppIcon;
				ASSETCATALOG_COMPILER_GLOBAL_ACCENT_COLOR_NAME = AccentColor;
				CODE_SIGN_STYLE = Automatic;
				CURRENT_PROJECT_VERSION = 1;
				GENERATE_INFOPLIST_FILE = YES;
				INFOPLIST_FILE = LoginSystem/Info.plist;
				INFOPLIST_KEY_UIApplicationSupportsIndirectInputEvents = YES;
				INFOPLIST_KEY_UILaunchStoryboardName = LaunchScreen;
				INFOPLIST_KEY_UIMainStoryboardFile = Main;
				INFOPLIST_KEY_UISupportedInterfaceOrientations_iPad = "UIInterfaceOrientationPortrait UIInterfaceOrientationPortraitUpsideDown UIInterfaceOrientationLandscapeLeft UIInterfaceOrientationLandscapeRight";
				INFOPLIST_KEY_UISupportedInterfaceOrientations_iPhone = "UIInterfaceOrientationPortrait UIInterfaceOrientationLandscapeLeft UIInterfaceOrientationLandscapeRight";
				LD_RUNPATH_SEARCH_PATHS = (
					"$(inherited)",
					"@executable_path/Frameworks",
				);
				MARKETING_VERSION = 1.0;
				PRODUCT_BUNDLE_IDENTIFIER = "com.-Twitter.LoginSystem";
				PRODUCT_NAME = "$(TARGET_NAME)";
				SWIFT_EMIT_LOC_STRINGS = YES;
				SWIFT_VERSION = 5.0;
				TARGETED_DEVICE_FAMILY = "1,2";
			};
			name = Release;
		};
/* End XCBuildConfiguration section */

/* Begin XCConfigurationList section */
		A62D482A2B90594500A21509 /* Build configuration list for PBXProject "LoginSystem" */ = {
			isa = XCConfigurationList;
			buildConfigurations = (
				A62D48412B90594600A21509 /* Debug */,
				A62D48422B90594600A21509 /* Release */,
			);
			defaultConfigurationIsVisible = 0;
			defaultConfigurationName = Release;
		};
		A62D48432B90594600A21509 /* Build configuration list for PBXNativeTarget "LoginSystem" */ = {
			isa = XCConfigurationList;
			buildConfigurations = (
				A62D48442B90594600A21509 /* Debug */,
				A62D48452B90594600A21509 /* Release */,
			);
			defaultConfigurationIsVisible = 0;
			defaultConfigurationName = Release;
		};
/* End XCConfigurationList section */
	};
	rootObject = A62D48272B90594500A21509 /* Project object */;
}
